{
  "name": "idcarddemo",
  "version": "1.0.0",
  "lockfileVersion": 2,
  "requires": true,
  "packages": {
    "": {
      "version": "1.0.0",
      "license": "ISC",
      "dependencies": {
        "idcard-reader": "^5.0.0"
      }
    },
    "node_modules/@types/ffi-napi": {
      "version": "2.4.3",
      "resolved": "https://registry.npmjs.org/@types/ffi-napi/-/ffi-napi-2.4.3.tgz",
      "integrity": "sha512-lkSpnVM3252+IAxwqmX5zPh8Nugzz7rtTcLC8tnGaY48n/5kmrO0AV3OVQDMgSKPI5X4I3vx0yeArfGV6PlwCQ==",
      "dependencies": {
        "@types/node": "*",
        "@types/ref-napi": "*",
        "@types/ref-struct-di": "*"
      }
    },
    "node_modules/@types/node": {
      "version": "14.14.14",
      "resolved": "https://registry.npmjs.org/@types/node/-/node-14.14.14.tgz",
      "integrity": "sha512-UHnOPWVWV1z+VV8k6L1HhG7UbGBgIdghqF3l9Ny9ApPghbjICXkUJSd/b9gOgQfjM1r+37cipdw/HJ3F6ICEnQ=="
    },
    "node_modules/@types/ref-napi": {
      "version": "1.4.1",
      "resolved": "https://registry.npmjs.org/@types/ref-napi/-/ref-napi-1.4.1.tgz",
      "integrity": "sha512-30A5bpOd+403PJCyyarGH8AOW2IowJ5AZySiGG1B4Sad5CRHt8O+cALEbSUZT+0sE456yAwB2+UjXpH+BIVN1g==",
      "dependencies": {
        "@types/node": "*"
      }
    },
    "node_modules/@types/ref-struct-di": {
      "version": "1.1.0",
      "resolved": "https://registry.npmjs.org/@types/ref-struct-di/-/ref-struct-di-1.1.0.tgz",
      "integrity": "sha512-obdtTOGqfV/3MdouZEe2hup7fZwAK6RvusqLIL0hK/MuEBKHWpC3j/NXiC5N6zXdj7p52QB0wsnUEsdkFc+DOw==",
      "dependencies": {
        "@types/ref-napi": "*"
      }
    },
    "node_modules/@waiting/idcard-reader-base": {
      "version": "2.0.1",
      "resolved": "https://registry.npmjs.org/@waiting/idcard-reader-base/-/idcard-reader-base-2.0.1.tgz",
      "integrity": "sha512-PyO3e+hwHre9g/rwM3tK1eqQdfWtXdflg4U1cskgJI8RLzDbNXp6jK/p6YywtrZFSF0ZMbqfYUJEW7gCfkD14g==",
      "dependencies": {
        "@waiting/shared-core": "3",
        "@waiting/shared-types": "3",
        "rxjs": "^6.5.2",
        "rxrunscript": "^5.2.0",
        "win32-def": "7"
      },
      "engines": {
        "node": ">=10.16.0"
      }
    },
    "node_modules/@waiting/log": {
      "version": "1.0.2",
      "resolved": "https://registry.npmjs.org/@waiting/log/-/log-1.0.2.tgz",
      "integrity": "sha512-M08aCnxcPOzfDCtqR9KC9pTnzauB/S6/NlAPfbBzaAIW1C/40ceIjjrFY4Ojzbsy5RaQkokWuQOg+mUuckQ7Eg==",
      "dependencies": {
        "@waiting/shared-core": "^1.7.0",
        "rxjs": "^6.4.0"
      },
      "engines": {
        "node": ">=8.10.0"
      }
    },
    "node_modules/@waiting/log/node_modules/@waiting/shared-core": {
      "version": "1.9.2",
      "resolved": "https://registry.npmjs.org/@waiting/shared-core/-/shared-core-1.9.2.tgz",
      "integrity": "sha512-E9R5KPPqkkMmLCOFfZOvGIufa5evDd8y7LRZBUs1/s2sdqUT4Il0hPoJZyEfvla6hTfbK0IjnZvTsk1avQLz1Q==",
      "dependencies": {
        "rxjs": "^6.4.0"
      },
      "engines": {
        "node": ">=8.10.0"
      }
    },
    "node_modules/@waiting/shared-core": {
      "version": "3.5.1",
      "resolved": "https://registry.npmjs.org/@waiting/shared-core/-/shared-core-3.5.1.tgz",
      "integrity": "sha512-0WDA+CeE+GzJWQSdG+SIYX0rryTjaboSVOCMeRZE2oHpyijE5P00CBmb0B3WSAyuTcKG7jKNqcxQ7UxfzYG0Cw==",
      "dependencies": {
        "@waiting/shared-types": "^3.5.1",
        "rxjs": "^6.5.2"
      },
      "engines": {
        "node": ">=10.16.0"
      }
    },
    "node_modules/@waiting/shared-types": {
      "version": "3.5.1",
      "resolved": "https://registry.npmjs.org/@waiting/shared-types/-/shared-types-3.5.1.tgz",
      "integrity": "sha512-1l20suOx44W1j3J+jGknc+eGYiqJnuRZyArs+f+ZJrw4FJ4mMtZNthSCbtAZWsyAzBg8jzZ39p07OZPVTAC4Rg==",
      "engines": {
        "node": ">=10.16.0"
      }
    },
    "node_modules/debug": {
      "version": "3.2.7",
      "resolved": "https://registry.npmjs.org/debug/-/debug-3.2.7.tgz",
      "integrity": "sha512-CFjzYYAi4ThfiQvizrFQevTTXHtnCqWfe7x1AhgEscTz6ZbLbfoLRLPugTQyBth6f8ZERVUSyWHFD/7Wu4t1XQ==",
      "dependencies": {
        "ms": "^2.1.1"
      }
    },
    "node_modules/ffi-napi": {
      "version": "2.5.0",
      "resolved": "https://registry.npmjs.org/ffi-napi/-/ffi-napi-2.5.0.tgz",
      "integrity": "sha512-ninYS+GI4BDFOg29dEJ68uZOcWgCp05teU4Lm40vrnyh+E1fYjKYvTDMYAG+WUD75NNHPTJhNjgVqv5whSgU3w==",
      "hasInstallScript": true,
      "dependencies": {
        "debug": "^3.1.0",
        "get-uv-event-loop-napi-h": "^1.0.5",
        "node-addon-api": "1.6.1",
        "node-gyp-build": "^4.2.1",
        "ref-napi": "^1.5.2",
        "ref-struct-di": "^1.1.0"
      },
      "engines": {
        "node": ">=4"
      }
    },
    "node_modules/get-symbol-from-current-process-h": {
      "version": "1.0.2",
      "resolved": "https://registry.npmjs.org/get-symbol-from-current-process-h/-/get-symbol-from-current-process-h-1.0.2.tgz",
      "integrity": "sha512-syloC6fsCt62ELLrr1VKBM1ggOpMdetX9hTrdW77UQdcApPHLmf7CI7OKcN1c9kYuNxKcDe4iJ4FY9sX3aw2xw=="
    },
    "node_modules/get-uv-event-loop-napi-h": {
      "version": "1.0.6",
      "resolved": "https://registry.npmjs.org/get-uv-event-loop-napi-h/-/get-uv-event-loop-napi-h-1.0.6.tgz",
      "integrity": "sha512-t5c9VNR84nRoF+eLiz6wFrEp1SE2Acg0wS+Ysa2zF0eROes+LzOfuTaVHxGy8AbS8rq7FHEJzjnCZo1BupwdJg==",
      "dependencies": {
        "get-symbol-from-current-process-h": "^1.0.1"
      }
    },
    "node_modules/idcard-reader": {
      "version": "5.0.0",
      "resolved": "https://registry.npmjs.org/idcard-reader/-/idcard-reader-5.0.0.tgz",
      "integrity": "sha512-D7y0QleavOwRiMQ2XZtTWjkPyOX2wpSNpnVzMIjtnUZ06Ushl5sjwWXZSdtkR2GBh7T0zIBl0CuH7TNU5Qs58w==",
      "dependencies": {
        "@types/ffi-napi": "*",
        "@waiting/idcard-reader-base": "^2.0.1",
        "@waiting/log": "^1.0.1",
        "@waiting/shared-core": "3",
        "@waiting/shared-types": "3",
        "ffi-napi": "^2.4.5",
        "rxjs": "^6.5.2",
        "win32-def": "7"
      },
      "bin": {
        "idc-reader": "dist/bin/idc-reader.js"
      },
      "engines": {
        "node": ">=10.16.0"
      }
    },
    "node_modules/ms": {
      "version": "2.1.3",
      "resolved": "https://registry.npmjs.org/ms/-/ms-2.1.3.tgz",
      "integrity": "sha512-6FlzubTLZG3J2a/NVCAleEhjzq5oxgHyaCU9yYXvcLsvoVaHJq/s5xXI6/XXP6tz7R9xAOtHnSO/tXtF3WRTlA=="
    },
    "node_modules/node-addon-api": {
      "version": "1.6.1",
      "resolved": "https://registry.npmjs.org/node-addon-api/-/node-addon-api-1.6.1.tgz",
      "integrity": "sha512-GcLOYrG5/enbqH4SMsqXt6GQUQGGnDnE3FLDZzXYkCgQHuZV5UDFR+EboeY8kpG0avroyOjpFQ2qLEBosFcRIA=="
    },
    "node_modules/node-gyp-build": {
      "version": "4.2.3",
      "resolved": "https://registry.npmjs.org/node-gyp-build/-/node-gyp-build-4.2.3.tgz",
      "integrity": "sha512-MN6ZpzmfNCRM+3t57PTJHgHyw/h4OWnZ6mR8P5j/uZtqQr46RRuDE/P+g3n0YR/AiYXeWixZZzaip77gdICfRg==",
      "bin": {
        "node-gyp-build": "bin.js",
        "node-gyp-build-optional": "optional.js",
        "node-gyp-build-test": "build-test.js"
      }
    },
    "node_modules/ref-napi": {
      "version": "1.5.2",
      "resolved": "https://registry.npmjs.org/ref-napi/-/ref-napi-1.5.2.tgz",
      "integrity": "sha512-hwyNmWpUkt1bDWDW4aiwCoC+SJfJO69UIdjqssNqdaS0sYJpgqzosGg/rLtk69UoQ8drZdI9yyQefM7eEMM3Gw==",
      "hasInstallScript": true,
      "dependencies": {
        "debug": "^3.1.0",
        "node-addon-api": "^2.0.0",
        "node-gyp-build": "^4.2.1"
      },
      "engines": {
        "node": ">= 6.0"
      }
    },
    "node_modules/ref-napi/node_modules/node-addon-api": {
      "version": "2.0.2",
      "resolved": "https://registry.npmjs.org/node-addon-api/-/node-addon-api-2.0.2.tgz",
      "integrity": "sha512-Ntyt4AIXyaLIuMHF6IOoTakB3K+RWxwtsHNRxllEoA6vPwP9o4866g6YWDLUdnucilZhmkxiHwHr11gAENw+QA=="
    },
    "node_modules/ref-struct-di": {
      "version": "1.1.1",
      "resolved": "https://registry.npmjs.org/ref-struct-di/-/ref-struct-di-1.1.1.tgz",
      "integrity": "sha512-2Xyn/0Qgz89VT+++WP0sTosdm9oeowLP23wRJYhG4BFdMUrLj3jhwHZNEytYNYgtPKLNTP3KJX4HEgBvM1/Y2g==",
      "dependencies": {
        "debug": "^3.1.0"
      }
    },
    "node_modules/rxjs": {
      "version": "6.6.3",
      "resolved": "https://registry.npmjs.org/rxjs/-/rxjs-6.6.3.tgz",
      "integrity": "sha512-trsQc+xYYXZ3urjOiJOuCOa5N3jAZ3eiSpQB5hIT8zGlL2QfnHLJ2r7GMkBGuIausdJN1OneaI6gQlsqNHHmZQ==",
      "dependencies": {
        "tslib": "^1.9.0"
      },
      "engines": {
        "npm": ">=2.0.0"
      }
    },
    "node_modules/rxrunscript": {
      "version": "5.2.0",
      "resolved": "https://registry.npmjs.org/rxrunscript/-/rxrunscript-5.2.0.tgz",
      "integrity": "sha512-6KlVDvtDWhnpkj0aDCsu9ohBlzUV0U4O3b9EF/yvLz2eQYTN/nJvVgkI4j5h2omDLxd7DblkB1sS8CQ67NP2vA==",
      "dependencies": {
        "@waiting/shared-core": "^1.3.0",
        "rxjs": "^6.3.2"
      },
      "engines": {
        "node": ">=8.10.0"
      },
      "peerDependencies": {
        "rxjs": "^6.2.0"
      }
    },
    "node_modules/rxrunscript/node_modules/@waiting/shared-core": {
      "version": "1.9.2",
      "resolved": "https://registry.npmjs.org/@waiting/shared-core/-/shared-core-1.9.2.tgz",
      "integrity": "sha512-E9R5KPPqkkMmLCOFfZOvGIufa5evDd8y7LRZBUs1/s2sdqUT4Il0hPoJZyEfvla6hTfbK0IjnZvTsk1avQLz1Q==",
      "dependencies": {
        "rxjs": "^6.4.0"
      },
      "engines": {
        "node": ">=8.10.0"
      }
    },
    "node_modules/tslib": {
      "version": "1.14.1",
      "resolved": "https://registry.npmjs.org/tslib/-/tslib-1.14.1.tgz",
      "integrity": "sha512-Xni35NKzjgMrwevysHTCArtLDpPvye8zV/0E4EyYn43P7/7qvQwPh9BGkHewbMulVntbigmcT7rdX3BNo9wRJg=="
    },
    "node_modules/win32-def": {
      "version": "7.1.0",
      "resolved": "https://registry.npmjs.org/win32-def/-/win32-def-7.1.0.tgz",
      "integrity": "sha512-2zbMI8sveYIgDsrftHIJhTb1RMYa27X1QNpkIWLUpvtPGDIGwhtFx7ROYJEen0ygM7zYeBznCgsww42ei572Xg==",
      "dependencies": {
        "@waiting/shared-types": "3"
      },
      "engines": {
        "node": ">=10.16.0"
      }
    }
  },
  "dependencies": {
    "@types/ffi-napi": {
      "version": "2.4.3",
      "resolved": "https://registry.npmjs.org/@types/ffi-napi/-/ffi-napi-2.4.3.tgz",
      "integrity": "sha512-lkSpnVM3252+IAxwqmX5zPh8Nugzz7rtTcLC8tnGaY48n/5kmrO0AV3OVQDMgSKPI5X4I3vx0yeArfGV6PlwCQ==",
      "requires": {
        "@types/node": "*",
        "@types/ref-napi": "*",
        "@types/ref-struct-di": "*"
      }
    },
    "@types/node": {
      "version": "14.14.14",
      "resolved": "https://registry.npmjs.org/@types/node/-/node-14.14.14.tgz",
      "integrity": "sha512-UHnOPWVWV1z+VV8k6L1HhG7UbGBgIdghqF3l9Ny9ApPghbjICXkUJSd/b9gOgQfjM1r+37cipdw/HJ3F6ICEnQ=="
    },
    "@types/ref-napi": {
      "version": "1.4.1",
      "resolved": "https://registry.npmjs.org/@types/ref-napi/-/ref-napi-1.4.1.tgz",
      "integrity": "sha512-30A5bpOd+403PJCyyarGH8AOW2IowJ5AZySiGG1B4Sad5CRHt8O+cALEbSUZT+0sE456yAwB2+UjXpH+BIVN1g==",
      "requires": {
        "@types/node": "*"
      }
    },
    "@types/ref-struct-di": {
      "version": "1.1.0",
      "resolved": "https://registry.npmjs.org/@types/ref-struct-di/-/ref-struct-di-1.1.0.tgz",
      "integrity": "sha512-obdtTOGqfV/3MdouZEe2hup7fZwAK6RvusqLIL0hK/MuEBKHWpC3j/NXiC5N6zXdj7p52QB0wsnUEsdkFc+DOw==",
      "requires": {
        "@types/ref-napi": "*"
      }
    },
    "@waiting/idcard-reader-base": {
      "version": "2.0.1",
      "resolved": "https://registry.npmjs.org/@waiting/idcard-reader-base/-/idcard-reader-base-2.0.1.tgz",
      "integrity": "sha512-PyO3e+hwHre9g/rwM3tK1eqQdfWtXdflg4U1cskgJI8RLzDbNXp6jK/p6YywtrZFSF0ZMbqfYUJEW7gCfkD14g==",
      "requires": {
        "@waiting/shared-core": "3",
        "@waiting/shared-types": "3",
        "rxjs": "^6.5.2",
        "rxrunscript": "^5.2.0",
        "win32-def": "7"
      }
    },
    "@waiting/log": {
      "version": "1.0.2",
      "resolved": "https://registry.npmjs.org/@waiting/log/-/log-1.0.2.tgz",
      "integrity": "sha512-M08aCnxcPOzfDCtqR9KC9pTnzauB/S6/NlAPfbBzaAIW1C/40ceIjjrFY4Ojzbsy5RaQkokWuQOg+mUuckQ7Eg==",
      "requires": {
        "@waiting/shared-core": "^1.7.0",
        "rxjs": "^6.4.0"
      },
      "dependencies": {
        "@waiting/shared-core": {
          "version": "1.9.2",
          "resolved": "https://registry.npmjs.org/@waiting/shared-core/-/shared-core-1.9.2.tgz",
          "integrity": "sha512-E9R5KPPqkkMmLCOFfZOvGIufa5evDd8y7LRZBUs1/s2sdqUT4Il0hPoJZyEfvla6hTfbK0IjnZvTsk1avQLz1Q==",
          "requires": {
            "rxjs": "^6.4.0"
          }
        }
      }
    },
    "@waiting/shared-core": {
      "version": "3.5.1",
      "resolved": "https://registry.npmjs.org/@waiting/shared-core/-/shared-core-3.5.1.tgz",
      "integrity": "sha512-0WDA+CeE+GzJWQSdG+SIYX0rryTjaboSVOCMeRZE2oHpyijE5P00CBmb0B3WSAyuTcKG7jKNqcxQ7UxfzYG0Cw==",
      "requires": {
        "@waiting/shared-types": "^3.5.1",
        "rxjs": "^6.5.2"
      }
    },
    "@waiting/shared-types": {
      "version": "3.5.1",
      "resolved": "https://registry.npmjs.org/@waiting/shared-types/-/shared-types-3.5.1.tgz",
      "integrity": "sha512-1l20suOx44W1j3J+jGknc+eGYiqJnuRZyArs+f+ZJrw4FJ4mMtZNthSCbtAZWsyAzBg8jzZ39p07OZPVTAC4Rg=="
    },
    "debug": {
      "version": "3.2.7",
      "resolved": "https://registry.npmjs.org/debug/-/debug-3.2.7.tgz",
      "integrity": "sha512-CFjzYYAi4ThfiQvizrFQevTTXHtnCqWfe7x1AhgEscTz6ZbLbfoLRLPugTQyBth6f8ZERVUSyWHFD/7Wu4t1XQ==",
      "requires": {
        "ms": "^2.1.1"
      }
    },
    "ffi-napi": {
      "version": "2.5.0",
      "resolved": "https://registry.npmjs.org/ffi-napi/-/ffi-napi-2.5.0.tgz",
      "integrity": "sha512-ninYS+GI4BDFOg29dEJ68uZOcWgCp05teU4Lm40vrnyh+E1fYjKYvTDMYAG+WUD75NNHPTJhNjgVqv5whSgU3w==",
      "requires": {
        "debug": "^3.1.0",
        "get-uv-event-loop-napi-h": "^1.0.5",
        "node-addon-api": "1.6.1",
        "node-gyp-build": "^4.2.1",
        "ref-napi": "^1.5.2",
        "ref-struct-di": "^1.1.0"
      }
    },
    "get-symbol-from-current-process-h": {
      "version": "1.0.2",
      "resolved": "https://registry.npmjs.org/get-symbol-from-current-process-h/-/get-symbol-from-current-process-h-1.0.2.tgz",
      "integrity": "sha512-syloC6fsCt62ELLrr1VKBM1ggOpMdetX9hTrdW77UQdcApPHLmf7CI7OKcN1c9kYuNxKcDe4iJ4FY9sX3aw2xw=="
    },
    "get-uv-event-loop-napi-h": {
      "version": "1.0.6",
      "resolved": "https://registry.npmjs.org/get-uv-event-loop-napi-h/-/get-uv-event-loop-napi-h-1.0.6.tgz",
      "integrity": "sha512-t5c9VNR84nRoF+eLiz6wFrEp1SE2Acg0wS+Ysa2zF0eROes+LzOfuTaVHxGy8AbS8rq7FHEJzjnCZo1BupwdJg==",
      "requires": {
        "get-symbol-from-current-process-h": "^1.0.1"
      }
    },
    "idcard-reader": {
      "version": "5.0.0",
      "resolved": "https://registry.npmjs.org/idcard-reader/-/idcard-reader-5.0.0.tgz",
      "integrity": "sha512-D7y0QleavOwRiMQ2XZtTWjkPyOX2wpSNpnVzMIjtnUZ06Ushl5sjwWXZSdtkR2GBh7T0zIBl0CuH7TNU5Qs58w==",
      "requires": {
        "@types/ffi-napi": "*",
        "@waiting/idcard-reader-base": "^2.0.1",
        "@waiting/log": "^1.0.1",
        "@waiting/shared-core": "3",
        "@waiting/shared-types": "3",
        "ffi-napi": "^2.4.5",
        "rxjs": "^6.5.2",
        "win32-def": "7"
      }
    },
    "ms": {
      "version": "2.1.3",
      "resolved": "https://registry.npmjs.org/ms/-/ms-2.1.3.tgz",
      "integrity": "sha512-6FlzubTLZG3J2a/NVCAleEhjzq5oxgHyaCU9yYXvcLsvoVaHJq/s5xXI6/XXP6tz7R9xAOtHnSO/tXtF3WRTlA=="
    },
    "node-addon-api": {
      "version": "1.6.1",
      "resolved": "https://registry.npmjs.org/node-addon-api/-/node-addon-api-1.6.1.tgz",
      "integrity": "sha512-GcLOYrG5/enbqH4SMsqXt6GQUQGGnDnE3FLDZzXYkCgQHuZV5UDFR+EboeY8kpG0avroyOjpFQ2qLEBosFcRIA=="
    },
    "node-gyp-build": {
      "version": "4.2.3",
      "resolved": "https://registry.npmjs.org/node-gyp-build/-/node-gyp-build-4.2.3.tgz",
      "integrity": "sha512-MN6ZpzmfNCRM+3t57PTJHgHyw/h4OWnZ6mR8P5j/uZtqQr46RRuDE/P+g3n0YR/AiYXeWixZZzaip77gdICfRg=="
    },
    "ref-napi": {
      "version": "1.5.2",
      "resolved": "https://registry.npmjs.org/ref-napi/-/ref-napi-1.5.2.tgz",
      "integrity": "sha512-hwyNmWpUkt1bDWDW4aiwCoC+SJfJO69UIdjqssNqdaS0sYJpgqzosGg/rLtk69UoQ8drZdI9yyQefM7eEMM3Gw==",
      "requires": {
        "debug": "^3.1.0",
        "node-addon-api": "^2.0.0",
        "node-gyp-build": "^4.2.1"
      },
      "dependencies": {
        "node-addon-api": {
          "version": "2.0.2",
          "resolved": "https://registry.npmjs.org/node-addon-api/-/node-addon-api-2.0.2.tgz",
          "integrity": "sha512-Ntyt4AIXyaLIuMHF6IOoTakB3K+RWxwtsHNRxllEoA6vPwP9o4866g6YWDLUdnucilZhmkxiHwHr11gAENw+QA=="
        }
      }
    },
    "ref-struct-di": {
      "version": "1.1.1",
      "resolved": "https://registry.npmjs.org/ref-struct-di/-/ref-struct-di-1.1.1.tgz",
      "integrity": "sha512-2Xyn/0Qgz89VT+++WP0sTosdm9oeowLP23wRJYhG4BFdMUrLj3jhwHZNEytYNYgtPKLNTP3KJX4HEgBvM1/Y2g==",
      "requires": {
        "debug": "^3.1.0"
      }
    },
    "rxjs": {
      "version": "6.6.3",
      "resolved": "https://registry.npmjs.org/rxjs/-/rxjs-6.6.3.tgz",
      "integrity": "sha512-trsQc+xYYXZ3urjOiJOuCOa5N3jAZ3eiSpQB5hIT8zGlL2QfnHLJ2r7GMkBGuIausdJN1OneaI6gQlsqNHHmZQ==",
      "requires": {
        "tslib": "^1.9.0"
      }
    },
    "rxrunscript": {
      "version": "5.2.0",
      "resolved": "https://registry.npmjs.org/rxrunscript/-/rxrunscript-5.2.0.tgz",
      "integrity": "sha512-6KlVDvtDWhnpkj0aDCsu9ohBlzUV0U4O3b9EF/yvLz2eQYTN/nJvVgkI4j5h2omDLxd7DblkB1sS8CQ67NP2vA==",
      "requires": {
        "@waiting/shared-core": "^1.3.0",
        "rxjs": "^6.3.2"
      },
      "dependencies": {
        "@waiting/shared-core": {
          "version": "1.9.2",
          "resolved": "https://registry.npmjs.org/@waiting/shared-core/-/shared-core-1.9.2.tgz",
          "integrity": "sha512-E9R5KPPqkkMmLCOFfZOvGIufa5evDd8y7LRZBUs1/s2sdqUT4Il0hPoJZyEfvla6hTfbK0IjnZvTsk1avQLz1Q==",
          "requires": {
            "rxjs": "^6.4.0"
          }
        }
      }
    },
    "tslib": {
      "version": "1.14.1",
      "resolved": "https://registry.npmjs.org/tslib/-/tslib-1.14.1.tgz",
      "integrity": "sha512-Xni35NKzjgMrwevysHTCArtLDpPvye8zV/0E4EyYn43P7/7qvQwPh9BGkHewbMulVntbigmcT7rdX3BNo9wRJg=="
    },
    "win32-def": {
      "version": "7.1.0",
      "resolved": "https://registry.npmjs.org/win32-def/-/win32-def-7.1.0.tgz",
      "integrity": "sha512-2zbMI8sveYIgDsrftHIJhTb1RMYa27X1QNpkIWLUpvtPGDIGwhtFx7ROYJEen0ygM7zYeBznCgsww42ei572Xg==",
      "requires": {
        "@waiting/shared-types": "3"
      }
    }
  }
}
